<?xml version="1.0" encoding="utf-8"?>
<Project ToolsVersion="4.0" xmlns="http://schemas.microsoft.com/developer/msbuild/2003">
  <ItemGroup>
    <Filter Include="Source Files">
      <UniqueIdentifier>{4FC737F1-C7A5-4376-A066-2A32D752A2FF}</UniqueIdentifier>
      <Extensions>cpp;c;cc;cxx;c++;cppm;ixx;def;odl;idl;hpj;bat;asm;asmx</Extensions>
    </Filter>
    <Filter Include="Header Files">
      <UniqueIdentifier>{93995380-89BD-4b04-88EB-625FBE52EBFB}</UniqueIdentifier>
      <Extensions>h;hh;hpp;hxx;h++;hm;inl;inc;ipp;xsd</Extensions>
    </Filter>
    <Filter Include="Resource Files">
      <UniqueIdentifier>{67DA6AB6-F800-4c08-8B7A-83BB121AAD01}</UniqueIdentifier>
      <Extensions>rc;ico;cur;bmp;dlg;rc2;rct;bin;rgs;gif;jpg;jpeg;jpe;resx;tiff;tif;png;wav;mfcribbon-ms</Extensions>
    </Filter>
    <Filter Include="Source Files\Systems">
      <UniqueIdentifier>{4dfdf8e3-f835-4257-a47f-5d04d1e263b1}</UniqueIdentifier>
    </Filter>
    <Filter Include="Header Files\Systems">
      <UniqueIdentifier>{dade467d-66ce-41e0-a66b-d43713384a9b}</UniqueIdentifier>
    </Filter>
    <Filter Include="Header Files\Prefabs">
      <UniqueIdentifier>{478f3972-c19d-400c-90ec-b9437db05f9a}</UniqueIdentifier>
    </Filter>
    <Filter Include="Source Files\Prefabs">
      <UniqueIdentifier>{dfa61355-bc80-4c6d-8917-4462a0af21e2}</UniqueIdentifier>
    </Filter>
    <Filter Include="Header Files\MapGeneration">
      <UniqueIdentifier>{bdbffc2a-1297-4976-a32f-b56d2c613c5d}</UniqueIdentifier>
    </Filter>
    <Filter Include="Header Files\States">
      <UniqueIdentifier>{771696e9-f039-40b9-867a-03443d083a27}</UniqueIdentifier>
    </Filter>
    <Filter Include="Source Files\States">
      <UniqueIdentifier>{2e5acfe2-6c4b-461c-b460-edd70329c669}</UniqueIdentifier>
    </Filter>
    <Filter Include="Source Files\MapGeneration">
      <UniqueIdentifier>{12213c34-2a30-482d-84f1-5886c381cac1}</UniqueIdentifier>
    </Filter>
    <Filter Include="Header Files\View">
      <UniqueIdentifier>{282a1a1c-2558-4bf4-affb-1424d515fbd6}</UniqueIdentifier>
    </Filter>
    <Filter Include="Header Files\ECS">
      <UniqueIdentifier>{adf87564-f259-477e-8465-1917f7d0a546}</UniqueIdentifier>
    </Filter>
    <Filter Include="Header Files\Managers">
      <UniqueIdentifier>{3816c340-ae4d-48fd-a294-ff085094734c}</UniqueIdentifier>
    </Filter>
    <Filter Include="Source Files\View">
      <UniqueIdentifier>{7b4acdf0-d55c-45cb-989f-0038b93921a5}</UniqueIdentifier>
    </Filter>
    <Filter Include="Source Files\Managers">
      <UniqueIdentifier>{67c6f11c-2908-44db-8e75-c0bb44d90a5a}</UniqueIdentifier>
    </Filter>
    <Filter Include="Header Files\Enums">
      <UniqueIdentifier>{6e0ee9da-1b3a-4772-9230-b6f2541348d8}</UniqueIdentifier>
    </Filter>
    <Filter Include="Header Files\RandomGenerators">
      <UniqueIdentifier>{4aba3d21-bb19-4b3b-b03f-78a9fd33803c}</UniqueIdentifier>
    </Filter>
    <Filter Include="Source Files\ECS">
      <UniqueIdentifier>{114cf16e-839a-45d2-930c-f47ffc618427}</UniqueIdentifier>
    </Filter>
  </ItemGroup>
  <ItemGroup>
    <ClCompile Include="main.cpp">
      <Filter>Source Files</Filter>
    </ClCompile>
    <ClCompile Include="Animator.cpp">
      <Filter>Source Files\Systems</Filter>
    </ClCompile>
    <ClCompile Include="Prefabs.cpp">
      <Filter>Source Files\Prefabs</Filter>
    </ClCompile>
    <ClCompile Include="ParticleSystem.cpp">
      <Filter>Source Files\Systems</Filter>
    </ClCompile>
    <ClCompile Include="SplashScreen.cpp">
      <Filter>Source Files\States</Filter>
    </ClCompile>
    <ClCompile Include="GameScreen.cpp">
      <Filter>Source Files\States</Filter>
    </ClCompile>
    <ClCompile Include="SoundSystem.cpp">
      <Filter>Source Files\Systems</Filter>
    </ClCompile>
    <ClCompile Include="Level.cpp">
      <Filter>Source Files\MapGeneration</Filter>
    </ClCompile>
    <ClCompile Include="MoveSystem.cpp">
      <Filter>Source Files\Systems</Filter>
    </ClCompile>
    <ClCompile Include="Grid.cpp">
      <Filter>Source Files\MapGeneration</Filter>
    </ClCompile>
    <ClCompile Include="WorldMap.cpp">
      <Filter>Source Files\MapGeneration</Filter>
    </ClCompile>
    <ClCompile Include="Camera.cpp">
      <Filter>Source Files\View</Filter>
    </ClCompile>
    <ClCompile Include="Window.cpp">
      <Filter>Source Files\View</Filter>
    </ClCompile>
    <ClCompile Include="Renderer.cpp">
      <Filter>Source Files\View</Filter>
    </ClCompile>
    <ClCompile Include="SoundManager.cpp">
      <Filter>Source Files\Managers</Filter>
    </ClCompile>
    <ClCompile Include="EventManager.cpp">
      <Filter>Source Files\Managers</Filter>
    </ClCompile>
    <ClCompile Include="StateManager.cpp">
      <Filter>Source Files\Managers</Filter>
    </ClCompile>
    <ClCompile Include="TextureManager.cpp">
      <Filter>Source Files\Managers</Filter>
    </ClCompile>
    <ClCompile Include="Utils.cpp">
      <Filter>Source Files</Filter>
    </ClCompile>
    <ClCompile Include="ScriptSystem.cpp">
      <Filter>Source Files\Systems</Filter>
    </ClCompile>
    <ClCompile Include="CharacterCreationScreen.cpp">
      <Filter>Source Files\States</Filter>
    </ClCompile>
    <ClCompile Include="Pathfinding.cpp">
      <Filter>Source Files</Filter>
    </ClCompile>
    <ClCompile Include="MessageLog.cpp">
      <Filter>Source Files\Systems</Filter>
    </ClCompile>
    <ClCompile Include="Keyboard.cpp">
      <Filter>Source Files</Filter>
    </ClCompile>
    <ClCompile Include="EntityFactory.cpp">
      <Filter>Source Files\ECS</Filter>
    </ClCompile>
    <ClCompile Include="InventorySystem.cpp">
      <Filter>Source Files\Systems</Filter>
    </ClCompile>
    <ClCompile Include="Components.cpp">
      <Filter>Source Files\ECS</Filter>
    </ClCompile>
    <ClCompile Include="InventoryScreen.cpp">
      <Filter>Source Files\States</Filter>
    </ClCompile>
    <ClCompile Include="ActionsState.cpp">
      <Filter>Source Files\States</Filter>
    </ClCompile>
    <ClCompile Include="QuantityState.cpp">
      <Filter>Source Files\States</Filter>
    </ClCompile>
    <ClCompile Include="CombatSystem.cpp">
      <Filter>Source Files\Systems</Filter>
    </ClCompile>
    <ClCompile Include="TargetingScreen.cpp">
      <Filter>Source Files\States</Filter>
    </ClCompile>
    <ClCompile Include="DeathScreen.cpp">
      <Filter>Source Files\States</Filter>
    </ClCompile>
    <ClCompile Include="PauseScreen.cpp">
      <Filter>Source Files\States</Filter>
    </ClCompile>
    <ClCompile Include="TradingScreen.cpp">
      <Filter>Source Files\States</Filter>
    </ClCompile>
    <ClCompile Include="TradingSystem.cpp">
      <Filter>Source Files\Systems</Filter>
    </ClCompile>
    <ClCompile Include="HelpScreen.cpp">
      <Filter>Source Files\States</Filter>
    </ClCompile>
    <ClCompile Include="AISystem.cpp">
      <Filter>Source Files\Systems</Filter>
    </ClCompile>
    <ClCompile Include="PlayerSystem.cpp">
      <Filter>Source Files\Systems</Filter>
    </ClCompile>
  </ItemGroup>
  <ItemGroup>
    <ClInclude Include="Common.hpp">
      <Filter>Header Files</Filter>
    </ClInclude>
    <ClInclude Include="Animator.hpp">
      <Filter>Header Files\Systems</Filter>
    </ClInclude>
    <ClInclude Include="Prefabs.hpp">
      <Filter>Header Files\Prefabs</Filter>
    </ClInclude>
    <ClInclude Include="BaseSystem.hpp">
      <Filter>Header Files\Systems</Filter>
    </ClInclude>
    <ClInclude Include="ParticleSystem.hpp">
      <Filter>Header Files\Systems</Filter>
    </ClInclude>
    <ClInclude Include="EntityGrid.hpp">
      <Filter>Header Files\MapGeneration</Filter>
    </ClInclude>
    <ClInclude Include="Grid.hpp">
      <Filter>Header Files\MapGeneration</Filter>
    </ClInclude>
    <ClInclude Include="Tile.hpp">
      <Filter>Header Files\MapGeneration</Filter>
    </ClInclude>
    <ClInclude Include="BaseState.hpp">
      <Filter>Header Files\States</Filter>
    </ClInclude>
    <ClInclude Include="SplashScreen.hpp">
      <Filter>Header Files\States</Filter>
    </ClInclude>
    <ClInclude Include="GameScreen.hpp">
      <Filter>Header Files\States</Filter>
    </ClInclude>
    <ClInclude Include="SoundSystem.hpp">
      <Filter>Header Files\Systems</Filter>
    </ClInclude>
    <ClInclude Include="Level.hpp">
      <Filter>Header Files\MapGeneration</Filter>
    </ClInclude>
    <ClInclude Include="MoveSystem.hpp">
      <Filter>Header Files\Systems</Filter>
    </ClInclude>
    <ClInclude Include="WorldMap.hpp">
      <Filter>Header Files\MapGeneration</Filter>
    </ClInclude>
    <ClInclude Include="Window.hpp">
      <Filter>Header Files\View</Filter>
    </ClInclude>
    <ClInclude Include="Renderer.hpp">
      <Filter>Header Files\View</Filter>
    </ClInclude>
    <ClInclude Include="Components.hpp">
      <Filter>Header Files\ECS</Filter>
    </ClInclude>
    <ClInclude Include="World.hpp">
      <Filter>Header Files\ECS</Filter>
    </ClInclude>
    <ClInclude Include="EventManager.hpp">
      <Filter>Header Files\Managers</Filter>
    </ClInclude>
    <ClInclude Include="SoundManager.hpp">
      <Filter>Header Files\Managers</Filter>
    </ClInclude>
    <ClInclude Include="StateManager.hpp">
      <Filter>Header Files\Managers</Filter>
    </ClInclude>
    <ClInclude Include="TextureManager.hpp">
      <Filter>Header Files\Managers</Filter>
    </ClInclude>
    <ClInclude Include="Camera.hpp">
      <Filter>Header Files\View</Filter>
    </ClInclude>
    <ClInclude Include="Utils.hpp">
      <Filter>Header Files</Filter>
    </ClInclude>
    <ClInclude Include="ScriptSystem.hpp">
      <Filter>Header Files\Systems</Filter>
    </ClInclude>
    <ClInclude Include="EventTypes.hpp">
      <Filter>Header Files\Enums</Filter>
    </ClInclude>
    <ClInclude Include="TileType.hpp">
      <Filter>Header Files\Enums</Filter>
    </ClInclude>
    <ClInclude Include="Environment.hpp">
      <Filter>Header Files\Enums</Filter>
    </ClInclude>
    <ClInclude Include="CharacterCreationScreen.hpp">
      <Filter>Header Files\States</Filter>
    </ClInclude>
    <ClInclude Include="CharacterClass.hpp">
      <Filter>Header Files</Filter>
    </ClInclude>
    <ClInclude Include="RandomNumberGenerator.hpp">
      <Filter>Header Files\RandomGenerators</Filter>
    </ClInclude>
    <ClInclude Include="Pathfinding.hpp">
      <Filter>Header Files</Filter>
    </ClInclude>
    <ClInclude Include="MessageLog.hpp">
      <Filter>Header Files\Systems</Filter>
    </ClInclude>
    <ClInclude Include="Keyboard.hpp">
      <Filter>Header Files</Filter>
    </ClInclude>
    <ClInclude Include="EntityFactory.hpp">
      <Filter>Header Files\ECS</Filter>
    </ClInclude>
    <ClInclude Include="Commands.hpp">
      <Filter>Header Files\Enums</Filter>
    </ClInclude>
    <ClInclude Include="InventorySystem.hpp">
      <Filter>Header Files\Systems</Filter>
    </ClInclude>
    <ClInclude Include="InventoryScreen.hpp">
      <Filter>Header Files\States</Filter>
    </ClInclude>
    <ClInclude Include="ActionsState.hpp">
      <Filter>Header Files\States</Filter>
    </ClInclude>
    <ClInclude Include="QuantityState.hpp">
      <Filter>Header Files\States</Filter>
    </ClInclude>
    <ClInclude Include="CombatSystem.hpp">
      <Filter>Header Files\Systems</Filter>
    </ClInclude>
    <ClInclude Include="TargetingScreen.hpp">
      <Filter>Header Files\States</Filter>
    </ClInclude>
    <ClInclude Include="DeathScreen.hpp">
      <Filter>Header Files\States</Filter>
    </ClInclude>
    <ClInclude Include="PauseScreen.hpp">
      <Filter>Header Files\States</Filter>
    </ClInclude>
    <ClInclude Include="TradingScreen.hpp">
      <Filter>Header Files\States</Filter>
    </ClInclude>
    <ClInclude Include="TradingSystem.hpp">
      <Filter>Header Files\Systems</Filter>
    </ClInclude>
    <ClInclude Include="HelpScreen.hpp">
      <Filter>Header Files\States</Filter>
    </ClInclude>
    <ClInclude Include="AISystem.hpp">
      <Filter>Header Files\Systems</Filter>
    </ClInclude>
    <ClInclude Include="PlayerSystem.hpp">
      <Filter>Header Files\Systems</Filter>
    </ClInclude>
  </ItemGroup>
</Project>